
Microsoft Visual Studio Solution File, Format Version 12.00
# Visual Studio Version 17
VisualStudioVersion = 17.4.33213.308
MinimumVisualStudioVersion = 10.0.40219.1
Project("{FAE04EC0-301F-11D3-BF4B-00C04F79EFBC}") = "FizzBuzz", "FizzBuzz\FizzBuzz.csproj", "{A6B8FB6C-A2A7-4242-8118-7257D15DD928}"
EndProject
Project("{FAE04EC0-301F-11D3-BF4B-00C04F79EFBC}") = "FizzBuzz.Tests", "FizzBuzz.Tests\FizzBuzz.Tests.csproj", "{1FA50C62-7658-4D2D-B0E4-B415DA1FDFA6}"
EndProject
Global
	GlobalSection(SolutionConfigurationPlatforms) = preSolution
		Debug|Any CPU = Debug|Any CPU
		Release|Any CPU = Release|Any CPU
	EndGlobalSection
	GlobalSection(ProjectConfigurationPlatforms) = postSolution
		{A6B8FB6C-A2A7-4242-8118-7257D15DD928}.Debug|Any CPU.ActiveCfg = Debug|Any CPU
		{A6B8FB6C-A2A7-4242-8118-7257D15DD928}.Debug|Any CPU.Build.0 = Debug|Any CPU
		{A6B8FB6C-A2A7-4242-8118-7257D15DD928}.Release|Any CPU.ActiveCfg = Release|Any CPU
		{A6B8FB6C-A2A7-4242-8118-7257D15DD928}.Release|Any CPU.Build.0 = Release|Any CPU
		{1FA50C62-7658-4D2D-B0E4-B415DA1FDFA6}.Debug|Any CPU.ActiveCfg = Debug|Any CPU
		{1FA50C62-7658-4D2D-B0E4-B415DA1FDFA6}.Debug|Any CPU.Build.0 = Debug|Any CPU
		{1FA50C62-7658-4D2D-B0E4-B415DA1FDFA6}.Release|Any CPU.ActiveCfg = Release|Any CPU
		{1FA50C62-7658-4D2D-B0E4-B415DA1FDFA6}.Release|Any CPU.Build.0 = Release|Any CPU
	EndGlobalSection
	GlobalSection(SolutionProperties) = preSolution
		HideSolutionNode = FALSE
	EndGlobalSection
	GlobalSection(ExtensibilityGlobals) = postSolution
		SolutionGuid = {0690C871-8B3C-4A23-B871-9A5F2479929D}
	EndGlobalSection
EndGlobal
